// !$*UTF8*$!
{
	archiveVersion = 1;
	classes = {
	};
	objectVersion = 56;
	objects = {

/* Begin PBXBuildFile section */
		5B4A1C3B295E10D800D21379 /* CharacterListCell.swift in Sources */ = {isa = PBXBuildFile; fileRef = 5B4A1C3A295E10D800D21379 /* CharacterListCell.swift */; };
		5B4A1C3D295E126A00D21379 /* CharacterListCellViewModel.swift in Sources */ = {isa = PBXBuildFile; fileRef = 5B4A1C3C295E126A00D21379 /* CharacterListCellViewModel.swift */; };
		5B4A1C402961010A00D21379 /* CharacterDetailVC.swift in Sources */ = {isa = PBXBuildFile; fileRef = 5B4A1C3F2961010A00D21379 /* CharacterDetailVC.swift */; };
		5B4A1C42296104AB00D21379 /* CharacterDetailViewViewModel.swift in Sources */ = {isa = PBXBuildFile; fileRef = 5B4A1C41296104AB00D21379 /* CharacterDetailViewViewModel.swift */; };
		5BBDEBCB295957910057A628 /* AppDelegate.swift in Sources */ = {isa = PBXBuildFile; fileRef = 5BBDEBCA295957910057A628 /* AppDelegate.swift */; };
		5BBDEBCD295957910057A628 /* SceneDelegate.swift in Sources */ = {isa = PBXBuildFile; fileRef = 5BBDEBCC295957910057A628 /* SceneDelegate.swift */; };
		5BBDEBCF295957910057A628 /* MainTabBarVC.swift in Sources */ = {isa = PBXBuildFile; fileRef = 5BBDEBCE295957910057A628 /* MainTabBarVC.swift */; };
		5BBDEBD4295957920057A628 /* Assets.xcassets in Resources */ = {isa = PBXBuildFile; fileRef = 5BBDEBD3295957920057A628 /* Assets.xcassets */; };
		5BBDEBD7295957920057A628 /* LaunchScreen.storyboard in Resources */ = {isa = PBXBuildFile; fileRef = 5BBDEBD5295957920057A628 /* LaunchScreen.storyboard */; };
		5BBDEBEF29595CF50057A628 /* LocationsVC.swift in Sources */ = {isa = PBXBuildFile; fileRef = 5BBDEBEE29595CF50057A628 /* LocationsVC.swift */; };
		5BBDEBF129595D210057A628 /* EpisodesVC.swift in Sources */ = {isa = PBXBuildFile; fileRef = 5BBDEBF029595D210057A628 /* EpisodesVC.swift */; };
		5BBDEBF329595D380057A628 /* CharactersVC.swift in Sources */ = {isa = PBXBuildFile; fileRef = 5BBDEBF229595D380057A628 /* CharactersVC.swift */; };
		5BBDEBF529595D4D0057A628 /* SettingsVC.swift in Sources */ = {isa = PBXBuildFile; fileRef = 5BBDEBF429595D4D0057A628 /* SettingsVC.swift */; };
		5BBDEBF7295A1D0C0057A628 /* Service.swift in Sources */ = {isa = PBXBuildFile; fileRef = 5BBDEBF6295A1D0C0057A628 /* Service.swift */; };
		5BBDEBF9295A1D240057A628 /* RMRequest.swift in Sources */ = {isa = PBXBuildFile; fileRef = 5BBDEBF8295A1D240057A628 /* RMRequest.swift */; };
		5BBDEBFB295A1DA90057A628 /* Endpoint.swift in Sources */ = {isa = PBXBuildFile; fileRef = 5BBDEBFA295A1DA90057A628 /* Endpoint.swift */; };
		5BBDEBFE295A9BE80057A628 /* Character.swift in Sources */ = {isa = PBXBuildFile; fileRef = 5BBDEBFD295A9BE80057A628 /* Character.swift */; };
		5BBDEC00295A9E290057A628 /* Location.swift in Sources */ = {isa = PBXBuildFile; fileRef = 5BBDEBFF295A9E290057A628 /* Location.swift */; };
		5BBDEC02295A9F640057A628 /* Episode.swift in Sources */ = {isa = PBXBuildFile; fileRef = 5BBDEC01295A9F640057A628 /* Episode.swift */; };
		5BBDEC04295B966C0057A628 /* AllCharactersResponse.swift in Sources */ = {isa = PBXBuildFile; fileRef = 5BBDEC03295B966C0057A628 /* AllCharactersResponse.swift */; };
		5BBDEC0A295D3D0C0057A628 /* CharacterListViewViewModel.swift in Sources */ = {isa = PBXBuildFile; fileRef = 5BBDEC09295D3D0C0057A628 /* CharacterListViewViewModel.swift */; };
		5BBDEC0C295D3D370057A628 /* CharacterListView.swift in Sources */ = {isa = PBXBuildFile; fileRef = 5BBDEC0B295D3D370057A628 /* CharacterListView.swift */; };
		5BBDEC0F295D432C0057A628 /* Extensions.swift in Sources */ = {isa = PBXBuildFile; fileRef = 5BBDEC0E295D432C0057A628 /* Extensions.swift */; };
		5BD868B329628D9500086370 /* CharacterDetailView.swift in Sources */ = {isa = PBXBuildFile; fileRef = 5BD868B229628D9500086370 /* CharacterDetailView.swift */; };
		5BD868B5296478AB00086370 /* ListFooterLoadingView.swift in Sources */ = {isa = PBXBuildFile; fileRef = 5BD868B4296478AB00086370 /* ListFooterLoadingView.swift */; };
		5BE15213296B276600BE7DB8 /* ImageManager.swift in Sources */ = {isa = PBXBuildFile; fileRef = 5BE15212296B276600BE7DB8 /* ImageManager.swift */; };
		5BE15221296CCD2100BE7DB8 /* CharacterPhotoCell.swift in Sources */ = {isa = PBXBuildFile; fileRef = 5BE15220296CCD2100BE7DB8 /* CharacterPhotoCell.swift */; };
		5BE15226296CD26500BE7DB8 /* CharacterPhotoCellViewModel.swift in Sources */ = {isa = PBXBuildFile; fileRef = 5BE15225296CD26500BE7DB8 /* CharacterPhotoCellViewModel.swift */; };
		5BE15228296DC2EA00BE7DB8 /* CharacterInfoCellViewModel.swift in Sources */ = {isa = PBXBuildFile; fileRef = 5BE15227296DC2EA00BE7DB8 /* CharacterInfoCellViewModel.swift */; };
		5BE1522A296DC8CA00BE7DB8 /* CharacterInfoCell.swift in Sources */ = {isa = PBXBuildFile; fileRef = 5BE15229296DC8CA00BE7DB8 /* CharacterInfoCell.swift */; };
/* End PBXBuildFile section */

/* Begin PBXFileReference section */
		5B4A1C3A295E10D800D21379 /* CharacterListCell.swift */ = {isa = PBXFileReference; lastKnownFileType = sourcecode.swift; path = CharacterListCell.swift; sourceTree = "<group>"; };
		5B4A1C3C295E126A00D21379 /* CharacterListCellViewModel.swift */ = {isa = PBXFileReference; lastKnownFileType = sourcecode.swift; path = CharacterListCellViewModel.swift; sourceTree = "<group>"; };
		5B4A1C3F2961010A00D21379 /* CharacterDetailVC.swift */ = {isa = PBXFileReference; lastKnownFileType = sourcecode.swift; path = CharacterDetailVC.swift; sourceTree = "<group>"; };
		5B4A1C41296104AB00D21379 /* CharacterDetailViewViewModel.swift */ = {isa = PBXFileReference; lastKnownFileType = sourcecode.swift; path = CharacterDetailViewViewModel.swift; sourceTree = "<group>"; };
		5BBDEBC7295957910057A628 /* RickAndMorty.app */ = {isa = PBXFileReference; explicitFileType = wrapper.application; includeInIndex = 0; path = RickAndMorty.app; sourceTree = BUILT_PRODUCTS_DIR; };
		5BBDEBCA295957910057A628 /* AppDelegate.swift */ = {isa = PBXFileReference; lastKnownFileType = sourcecode.swift; path = AppDelegate.swift; sourceTree = "<group>"; };
		5BBDEBCC295957910057A628 /* SceneDelegate.swift */ = {isa = PBXFileReference; lastKnownFileType = sourcecode.swift; path = SceneDelegate.swift; sourceTree = "<group>"; };
		5BBDEBCE295957910057A628 /* MainTabBarVC.swift */ = {isa = PBXFileReference; lastKnownFileType = sourcecode.swift; path = MainTabBarVC.swift; sourceTree = "<group>"; };
		5BBDEBD3295957920057A628 /* Assets.xcassets */ = {isa = PBXFileReference; lastKnownFileType = folder.assetcatalog; path = Assets.xcassets; sourceTree = "<group>"; };
		5BBDEBD6295957920057A628 /* Base */ = {isa = PBXFileReference; lastKnownFileType = file.storyboard; name = Base; path = Base.lproj/LaunchScreen.storyboard; sourceTree = "<group>"; };
		5BBDEBD8295957920057A628 /* Info.plist */ = {isa = PBXFileReference; lastKnownFileType = text.plist.xml; path = Info.plist; sourceTree = "<group>"; };
		5BBDEBEE29595CF50057A628 /* LocationsVC.swift */ = {isa = PBXFileReference; lastKnownFileType = sourcecode.swift; path = LocationsVC.swift; sourceTree = "<group>"; };
		5BBDEBF029595D210057A628 /* EpisodesVC.swift */ = {isa = PBXFileReference; lastKnownFileType = sourcecode.swift; path = EpisodesVC.swift; sourceTree = "<group>"; };
		5BBDEBF229595D380057A628 /* CharactersVC.swift */ = {isa = PBXFileReference; lastKnownFileType = sourcecode.swift; path = CharactersVC.swift; sourceTree = "<group>"; };
		5BBDEBF429595D4D0057A628 /* SettingsVC.swift */ = {isa = PBXFileReference; lastKnownFileType = sourcecode.swift; path = SettingsVC.swift; sourceTree = "<group>"; };
		5BBDEBF6295A1D0C0057A628 /* Service.swift */ = {isa = PBXFileReference; lastKnownFileType = sourcecode.swift; path = Service.swift; sourceTree = "<group>"; };
		5BBDEBF8295A1D240057A628 /* RMRequest.swift */ = {isa = PBXFileReference; lastKnownFileType = sourcecode.swift; path = RMRequest.swift; sourceTree = "<group>"; };
		5BBDEBFA295A1DA90057A628 /* Endpoint.swift */ = {isa = PBXFileReference; lastKnownFileType = sourcecode.swift; path = Endpoint.swift; sourceTree = "<group>"; };
		5BBDEBFD295A9BE80057A628 /* Character.swift */ = {isa = PBXFileReference; lastKnownFileType = sourcecode.swift; path = Character.swift; sourceTree = "<group>"; };
		5BBDEBFF295A9E290057A628 /* Location.swift */ = {isa = PBXFileReference; lastKnownFileType = sourcecode.swift; path = Location.swift; sourceTree = "<group>"; };
		5BBDEC01295A9F640057A628 /* Episode.swift */ = {isa = PBXFileReference; lastKnownFileType = sourcecode.swift; path = Episode.swift; sourceTree = "<group>"; };
		5BBDEC03295B966C0057A628 /* AllCharactersResponse.swift */ = {isa = PBXFileReference; lastKnownFileType = sourcecode.swift; path = AllCharactersResponse.swift; sourceTree = "<group>"; };
		5BBDEC09295D3D0C0057A628 /* CharacterListViewViewModel.swift */ = {isa = PBXFileReference; lastKnownFileType = sourcecode.swift; path = CharacterListViewViewModel.swift; sourceTree = "<group>"; };
		5BBDEC0B295D3D370057A628 /* CharacterListView.swift */ = {isa = PBXFileReference; lastKnownFileType = sourcecode.swift; path = CharacterListView.swift; sourceTree = "<group>"; };
		5BBDEC0E295D432C0057A628 /* Extensions.swift */ = {isa = PBXFileReference; lastKnownFileType = sourcecode.swift; path = Extensions.swift; sourceTree = "<group>"; };
		5BD868B229628D9500086370 /* CharacterDetailView.swift */ = {isa = PBXFileReference; lastKnownFileType = sourcecode.swift; path = CharacterDetailView.swift; sourceTree = "<group>"; };
		5BD868B4296478AB00086370 /* ListFooterLoadingView.swift */ = {isa = PBXFileReference; lastKnownFileType = sourcecode.swift; path = ListFooterLoadingView.swift; sourceTree = "<group>"; };
		5BE15212296B276600BE7DB8 /* ImageManager.swift */ = {isa = PBXFileReference; lastKnownFileType = sourcecode.swift; path = ImageManager.swift; sourceTree = "<group>"; };
		5BE15220296CCD2100BE7DB8 /* CharacterPhotoCell.swift */ = {isa = PBXFileReference; lastKnownFileType = sourcecode.swift; path = CharacterPhotoCell.swift; sourceTree = "<group>"; };
		5BE15225296CD26500BE7DB8 /* CharacterPhotoCellViewModel.swift */ = {isa = PBXFileReference; lastKnownFileType = sourcecode.swift; path = CharacterPhotoCellViewModel.swift; sourceTree = "<group>"; };
		5BE15227296DC2EA00BE7DB8 /* CharacterInfoCellViewModel.swift */ = {isa = PBXFileReference; lastKnownFileType = sourcecode.swift; path = CharacterInfoCellViewModel.swift; sourceTree = "<group>"; };
		5BE15229296DC8CA00BE7DB8 /* CharacterInfoCell.swift */ = {isa = PBXFileReference; lastKnownFileType = sourcecode.swift; path = CharacterInfoCell.swift; sourceTree = "<group>"; };
/* End PBXFileReference section */

/* Begin PBXFrameworksBuildPhase section */
		5BBDEBC4295957910057A628 /* Frameworks */ = {
			isa = PBXFrameworksBuildPhase;
			buildActionMask = 2147483647;
			files = (
			);
			runOnlyForDeploymentPostprocessing = 0;
		};
/* End PBXFrameworksBuildPhase section */

/* Begin PBXGroup section */
		5BBDEBBE295957910057A628 = {
			isa = PBXGroup;
			children = (
				5BBDEBC9295957910057A628 /* RickAndMorty */,
				5BBDEBC8295957910057A628 /* Products */,
			);
			sourceTree = "<group>";
		};
		5BBDEBC8295957910057A628 /* Products */ = {
			isa = PBXGroup;
			children = (
				5BBDEBC7295957910057A628 /* RickAndMorty.app */,
			);
			name = Products;
			sourceTree = "<group>";
		};
		5BBDEBC9295957910057A628 /* RickAndMorty */ = {
			isa = PBXGroup;
			children = (
				5BE15214296C64E400BE7DB8 /* Screens */,
				5BBDEBE4295959A30057A628 /* Models */,
				5BBDEBE1295959830057A628 /* APIClient */,
				5BBDEBE02959597A0057A628 /* Managers */,
				5BBDEBDE295959410057A628 /* Support */,
			);
			path = RickAndMorty;
			sourceTree = "<group>";
		};
		5BBDEBDE295959410057A628 /* Support */ = {
			isa = PBXGroup;
			children = (
				5BBDEC0E295D432C0057A628 /* Extensions.swift */,
				5BBDEBCA295957910057A628 /* AppDelegate.swift */,
				5BBDEBCC295957910057A628 /* SceneDelegate.swift */,
				5BBDEBD3295957920057A628 /* Assets.xcassets */,
				5BBDEBD5295957920057A628 /* LaunchScreen.storyboard */,
				5BBDEBD8295957920057A628 /* Info.plist */,
			);
			path = Support;
			sourceTree = "<group>";
		};
		5BBDEBE02959597A0057A628 /* Managers */ = {
			isa = PBXGroup;
			children = (
				5BE15212296B276600BE7DB8 /* ImageManager.swift */,
			);
			path = Managers;
			sourceTree = "<group>";
		};
		5BBDEBE1295959830057A628 /* APIClient */ = {
			isa = PBXGroup;
			children = (
				5BBDEBF6295A1D0C0057A628 /* Service.swift */,
				5BBDEBFA295A1DA90057A628 /* Endpoint.swift */,
				5BBDEBF8295A1D240057A628 /* RMRequest.swift */,
				5BBDEC03295B966C0057A628 /* AllCharactersResponse.swift */,
			);
			path = APIClient;
			sourceTree = "<group>";
		};
		5BBDEBE4295959A30057A628 /* Models */ = {
			isa = PBXGroup;
			children = (
				5BBDEBFC295A9BD80057A628 /* DataTypes */,
			);
			path = Models;
			sourceTree = "<group>";
		};
		5BBDEBFC295A9BD80057A628 /* DataTypes */ = {
			isa = PBXGroup;
			children = (
				5BBDEBFD295A9BE80057A628 /* Character.swift */,
				5BBDEBFF295A9E290057A628 /* Location.swift */,
				5BBDEC01295A9F640057A628 /* Episode.swift */,
			);
			path = DataTypes;
			sourceTree = "<group>";
		};
		5BE15214296C64E400BE7DB8 /* Screens */ = {
			isa = PBXGroup;
			children = (
				5BE15215296C650800BE7DB8 /* Core */,
				5BE15216296C651000BE7DB8 /* Other */,
			);
			path = Screens;
			sourceTree = "<group>";
		};
		5BE15215296C650800BE7DB8 /* Core */ = {
			isa = PBXGroup;
			children = (
				5BBDEBCE295957910057A628 /* MainTabBarVC.swift */,
				5BE15217296C652100BE7DB8 /* CharacterList */,
				5BE1521C296C661C00BE7DB8 /* EpisodeList */,
				5BE1521B296C661100BE7DB8 /* LocationList */,
				5BE1521D296C662700BE7DB8 /* Settings */,
			);
			path = Core;
			sourceTree = "<group>";
		};
		5BE15216296C651000BE7DB8 /* Other */ = {
			isa = PBXGroup;
			children = (
				5BE1521A296C65AD00BE7DB8 /* CharacterDetails */,
			);
			path = Other;
			sourceTree = "<group>";
		};
		5BE15217296C652100BE7DB8 /* CharacterList */ = {
			isa = PBXGroup;
			children = (
				5BBDEBF229595D380057A628 /* CharactersVC.swift */,
				5BE15219296C658000BE7DB8 /* Views */,
				5BE15218296C657400BE7DB8 /* ViewModels */,
			);
			path = CharacterList;
			sourceTree = "<group>";
		};
		5BE15218296C657400BE7DB8 /* ViewModels */ = {
			isa = PBXGroup;
			children = (
				5BBDEC09295D3D0C0057A628 /* CharacterListViewViewModel.swift */,
				5B4A1C3C295E126A00D21379 /* CharacterListCellViewModel.swift */,
			);
			path = ViewModels;
			sourceTree = "<group>";
		};
		5BE15219296C658000BE7DB8 /* Views */ = {
			isa = PBXGroup;
			children = (
				5BBDEC0B295D3D370057A628 /* CharacterListView.swift */,
				5B4A1C3A295E10D800D21379 /* CharacterListCell.swift */,
				5BD868B4296478AB00086370 /* ListFooterLoadingView.swift */,
			);
			path = Views;
			sourceTree = "<group>";
		};
		5BE1521A296C65AD00BE7DB8 /* CharacterDetails */ = {
			isa = PBXGroup;
			children = (
				5B4A1C3F2961010A00D21379 /* CharacterDetailVC.swift */,
				5BE1521E296C669D00BE7DB8 /* Views */,
				5BE1521F296C66B200BE7DB8 /* ViewModels */,
			);
			path = CharacterDetails;
			sourceTree = "<group>";
		};
		5BE1521B296C661100BE7DB8 /* LocationList */ = {
			isa = PBXGroup;
			children = (
				5BBDEBEE29595CF50057A628 /* LocationsVC.swift */,
			);
			path = LocationList;
			sourceTree = "<group>";
		};
		5BE1521C296C661C00BE7DB8 /* EpisodeList */ = {
			isa = PBXGroup;
			children = (
				5BBDEBF029595D210057A628 /* EpisodesVC.swift */,
			);
			path = EpisodeList;
			sourceTree = "<group>";
		};
		5BE1521D296C662700BE7DB8 /* Settings */ = {
			isa = PBXGroup;
			children = (
				5BBDEBF429595D4D0057A628 /* SettingsVC.swift */,
			);
			path = Settings;
			sourceTree = "<group>";
		};
		5BE1521E296C669D00BE7DB8 /* Views */ = {
			isa = PBXGroup;
			children = (
				5BD868B229628D9500086370 /* CharacterDetailView.swift */,
				5BE15220296CCD2100BE7DB8 /* CharacterPhotoCell.swift */,
				5BE15229296DC8CA00BE7DB8 /* CharacterInfoCell.swift */,
			);
			path = Views;
			sourceTree = "<group>";
		};
		5BE1521F296C66B200BE7DB8 /* ViewModels */ = {
			isa = PBXGroup;
			children = (
				5B4A1C41296104AB00D21379 /* CharacterDetailViewViewModel.swift */,
				5BE15225296CD26500BE7DB8 /* CharacterPhotoCellViewModel.swift */,
				5BE15227296DC2EA00BE7DB8 /* CharacterInfoCellViewModel.swift */,
			);
			path = ViewModels;
			sourceTree = "<group>";
		};
/* End PBXGroup section */

/* Begin PBXNativeTarget section */
		5BBDEBC6295957910057A628 /* RickAndMorty */ = {
			isa = PBXNativeTarget;
			buildConfigurationList = 5BBDEBDB295957920057A628 /* Build configuration list for PBXNativeTarget "RickAndMorty" */;
			buildPhases = (
				5BBDEBC3295957910057A628 /* Sources */,
				5BBDEBC4295957910057A628 /* Frameworks */,
				5BBDEBC5295957910057A628 /* Resources */,
			);
			buildRules = (
			);
			dependencies = (
			);
			name = RickAndMorty;
			productName = RickAndMorty;
			productReference = 5BBDEBC7295957910057A628 /* RickAndMorty.app */;
			productType = "com.apple.product-type.application";
		};
/* End PBXNativeTarget section */

/* Begin PBXProject section */
		5BBDEBBF295957910057A628 /* Project object */ = {
			isa = PBXProject;
			attributes = {
				BuildIndependentTargetsInParallel = 1;
				LastSwiftUpdateCheck = 1410;
				LastUpgradeCheck = 1410;
				TargetAttributes = {
					5BBDEBC6295957910057A628 = {
						CreatedOnToolsVersion = 14.1;
					};
				};
			};
			buildConfigurationList = 5BBDEBC2295957910057A628 /* Build configuration list for PBXProject "RickAndMorty" */;
			compatibilityVersion = "Xcode 14.0";
			developmentRegion = en;
			hasScannedForEncodings = 0;
			knownRegions = (
				en,
				Base,
			);
			mainGroup = 5BBDEBBE295957910057A628;
			productRefGroup = 5BBDEBC8295957910057A628 /* Products */;
			projectDirPath = "";
			projectRoot = "";
			targets = (
				5BBDEBC6295957910057A628 /* RickAndMorty */,
			);
		};
/* End PBXProject section */

/* Begin PBXResourcesBuildPhase section */
		5BBDEBC5295957910057A628 /* Resources */ = {
			isa = PBXResourcesBuildPhase;
			buildActionMask = 2147483647;
			files = (
				5BBDEBD7295957920057A628 /* LaunchScreen.storyboard in Resources */,
				5BBDEBD4295957920057A628 /* Assets.xcassets in Resources */,
			);
			runOnlyForDeploymentPostprocessing = 0;
		};
/* End PBXResourcesBuildPhase section */

/* Begin PBXSourcesBuildPhase section */
		5BBDEBC3295957910057A628 /* Sources */ = {
			isa = PBXSourcesBuildPhase;
			buildActionMask = 2147483647;
			files = (
				5BBDEBF329595D380057A628 /* CharactersVC.swift in Sources */,
				5B4A1C42296104AB00D21379 /* CharacterDetailViewViewModel.swift in Sources */,
				5BBDEBF7295A1D0C0057A628 /* Service.swift in Sources */,
				5BE15213296B276600BE7DB8 /* ImageManager.swift in Sources */,
				5BBDEBFE295A9BE80057A628 /* Character.swift in Sources */,
				5BBDEBCF295957910057A628 /* MainTabBarVC.swift in Sources */,
				5BBDEBCB295957910057A628 /* AppDelegate.swift in Sources */,
				5BE15221296CCD2100BE7DB8 /* CharacterPhotoCell.swift in Sources */,
				5BBDEBFB295A1DA90057A628 /* Endpoint.swift in Sources */,
				5BBDEC0C295D3D370057A628 /* CharacterListView.swift in Sources */,
				5BBDEBEF29595CF50057A628 /* LocationsVC.swift in Sources */,
				5BD868B329628D9500086370 /* CharacterDetailView.swift in Sources */,
				5BBDEC02295A9F640057A628 /* Episode.swift in Sources */,
				5BE15226296CD26500BE7DB8 /* CharacterPhotoCellViewModel.swift in Sources */,
				5B4A1C3B295E10D800D21379 /* CharacterListCell.swift in Sources */,
				5BBDEC0A295D3D0C0057A628 /* CharacterListViewViewModel.swift in Sources */,
				5BE15228296DC2EA00BE7DB8 /* CharacterInfoCellViewModel.swift in Sources */,
				5B4A1C402961010A00D21379 /* CharacterDetailVC.swift in Sources */,
				5BBDEC04295B966C0057A628 /* AllCharactersResponse.swift in Sources */,
				5BE1522A296DC8CA00BE7DB8 /* CharacterInfoCell.swift in Sources */,
				5BBDEC0F295D432C0057A628 /* Extensions.swift in Sources */,
				5BD868B5296478AB00086370 /* ListFooterLoadingView.swift in Sources */,
				5B4A1C3D295E126A00D21379 /* CharacterListCellViewModel.swift in Sources */,
				5BBDEBF129595D210057A628 /* EpisodesVC.swift in Sources */,
				5BBDEBCD295957910057A628 /* SceneDelegate.swift in Sources */,
				5BBDEBF9295A1D240057A628 /* RMRequest.swift in Sources */,
				5BBDEC00295A9E290057A628 /* Location.swift in Sources */,
				5BBDEBF529595D4D0057A628 /* SettingsVC.swift in Sources */,
			);
			runOnlyForDeploymentPostprocessing = 0;
		};
/* End PBXSourcesBuildPhase section */

/* Begin PBXVariantGroup section */
		5BBDEBD5295957920057A628 /* LaunchScreen.storyboard */ = {
			isa = PBXVariantGroup;
			children = (
				5BBDEBD6295957920057A628 /* Base */,
			);
			name = LaunchScreen.storyboard;
			sourceTree = "<group>";
		};
/* End PBXVariantGroup section */

/* Begin XCBuildConfiguration section */
		5BBDEBD9295957920057A628 /* Debug */ = {
			isa = XCBuildConfiguration;
			buildSettings = {
				ALWAYS_SEARCH_USER_PATHS = NO;
				CLANG_ANALYZER_NONNULL = YES;
				CLANG_ANALYZER_NUMBER_OBJECT_CONVERSION = YES_AGGRESSIVE;
				CLANG_CXX_LANGUAGE_STANDARD = "gnu++20";
				CLANG_ENABLE_MODULES = YES;
				CLANG_ENABLE_OBJC_ARC = YES;
				CLANG_ENABLE_OBJC_WEAK = YES;
				CLANG_WARN_BLOCK_CAPTURE_AUTORELEASING = YES;
				CLANG_WARN_BOOL_CONVERSION = YES;
				CLANG_WARN_COMMA = YES;
				CLANG_WARN_CONSTANT_CONVERSION = YES;
				CLANG_WARN_DEPRECATED_OBJC_IMPLEMENTATIONS = YES;
				CLANG_WARN_DIRECT_OBJC_ISA_USAGE = YES_ERROR;
				CLANG_WARN_DOCUMENTATION_COMMENTS = YES;
				CLANG_WARN_EMPTY_BODY = YES;
				CLANG_WARN_ENUM_CONVERSION = YES;
				CLANG_WARN_INFINITE_RECURSION = YES;
				CLANG_WARN_INT_CONVERSION = YES;
				CLANG_WARN_NON_LITERAL_NULL_CONVERSION = YES;
				CLANG_WARN_OBJC_IMPLICIT_RETAIN_SELF = YES;
				CLANG_WARN_OBJC_LITERAL_CONVERSION = YES;
				CLANG_WARN_OBJC_ROOT_CLASS = YES_ERROR;
				CLANG_WARN_QUOTED_INCLUDE_IN_FRAMEWORK_HEADER = YES;
				CLANG_WARN_RANGE_LOOP_ANALYSIS = YES;
				CLANG_WARN_STRICT_PROTOTYPES = YES;
				CLANG_WARN_SUSPICIOUS_MOVE = YES;
				CLANG_WARN_UNGUARDED_AVAILABILITY = YES_AGGRESSIVE;
				CLANG_WARN_UNREACHABLE_CODE = YES;
				CLANG_WARN__DUPLICATE_METHOD_MATCH = YES;
				COPY_PHASE_STRIP = NO;
				DEBUG_INFORMATION_FORMAT = dwarf;
				ENABLE_STRICT_OBJC_MSGSEND = YES;
				ENABLE_TESTABILITY = YES;
				GCC_C_LANGUAGE_STANDARD = gnu11;
				GCC_DYNAMIC_NO_PIC = NO;
				GCC_NO_COMMON_BLOCKS = YES;
				GCC_OPTIMIZATION_LEVEL = 0;
				GCC_PREPROCESSOR_DEFINITIONS = (
					"DEBUG=1",
					"$(inherited)",
				);
				GCC_WARN_64_TO_32_BIT_CONVERSION = YES;
				GCC_WARN_ABOUT_RETURN_TYPE = YES_ERROR;
				GCC_WARN_UNDECLARED_SELECTOR = YES;
				GCC_WARN_UNINITIALIZED_AUTOS = YES_AGGRESSIVE;
				GCC_WARN_UNUSED_FUNCTION = YES;
				GCC_WARN_UNUSED_VARIABLE = YES;
				IPHONEOS_DEPLOYMENT_TARGET = 16.1;
				MTL_ENABLE_DEBUG_INFO = INCLUDE_SOURCE;
				MTL_FAST_MATH = YES;
				ONLY_ACTIVE_ARCH = YES;
				SDKROOT = iphoneos;
				SWIFT_ACTIVE_COMPILATION_CONDITIONS = DEBUG;
				SWIFT_OPTIMIZATION_LEVEL = "-Onone";
			};
			name = Debug;
		};
		5BBDEBDA295957920057A628 /* Release */ = {
			isa = XCBuildConfiguration;
			buildSettings = {
				ALWAYS_SEARCH_USER_PATHS = NO;
				CLANG_ANALYZER_NONNULL = YES;
				CLANG_ANALYZER_NUMBER_OBJECT_CONVERSION = YES_AGGRESSIVE;
				CLANG_CXX_LANGUAGE_STANDARD = "gnu++20";
				CLANG_ENABLE_MODULES = YES;
				CLANG_ENABLE_OBJC_ARC = YES;
				CLANG_ENABLE_OBJC_WEAK = YES;
				CLANG_WARN_BLOCK_CAPTURE_AUTORELEASING = YES;
				CLANG_WARN_BOOL_CONVERSION = YES;
				CLANG_WARN_COMMA = YES;
				CLANG_WARN_CONSTANT_CONVERSION = YES;
				CLANG_WARN_DEPRECATED_OBJC_IMPLEMENTATIONS = YES;
				CLANG_WARN_DIRECT_OBJC_ISA_USAGE = YES_ERROR;
				CLANG_WARN_DOCUMENTATION_COMMENTS = YES;
				CLANG_WARN_EMPTY_BODY = YES;
				CLANG_WARN_ENUM_CONVERSION = YES;
				CLANG_WARN_INFINITE_RECURSION = YES;
				CLANG_WARN_INT_CONVERSION = YES;
				CLANG_WARN_NON_LITERAL_NULL_CONVERSION = YES;
				CLANG_WARN_OBJC_IMPLICIT_RETAIN_SELF = YES;
				CLANG_WARN_OBJC_LITERAL_CONVERSION = YES;
				CLANG_WARN_OBJC_ROOT_CLASS = YES_ERROR;
				CLANG_WARN_QUOTED_INCLUDE_IN_FRAMEWORK_HEADER = YES;
				CLANG_WARN_RANGE_LOOP_ANALYSIS = YES;
				CLANG_WARN_STRICT_PROTOTYPES = YES;
				CLANG_WARN_SUSPICIOUS_MOVE = YES;
				CLANG_WARN_UNGUARDED_AVAILABILITY = YES_AGGRESSIVE;
				CLANG_WARN_UNREACHABLE_CODE = YES;
				CLANG_WARN__DUPLICATE_METHOD_MATCH = YES;
				COPY_PHASE_STRIP = NO;
				DEBUG_INFORMATION_FORMAT = "dwarf-with-dsym";
				ENABLE_NS_ASSERTIONS = NO;
				ENABLE_STRICT_OBJC_MSGSEND = YES;
				GCC_C_LANGUAGE_STANDARD = gnu11;
				GCC_NO_COMMON_BLOCKS = YES;
				GCC_WARN_64_TO_32_BIT_CONVERSION = YES;
				GCC_WARN_ABOUT_RETURN_TYPE = YES_ERROR;
				GCC_WARN_UNDECLARED_SELECTOR = YES;
				GCC_WARN_UNINITIALIZED_AUTOS = YES_AGGRESSIVE;
				GCC_WARN_UNUSED_FUNCTION = YES;
				GCC_WARN_UNUSED_VARIABLE = YES;
				IPHONEOS_DEPLOYMENT_TARGET = 16.1;
				MTL_ENABLE_DEBUG_INFO = NO;
				MTL_FAST_MATH = YES;
				SDKROOT = iphoneos;
				SWIFT_COMPILATION_MODE = wholemodule;
				SWIFT_OPTIMIZATION_LEVEL = "-O";
				VALIDATE_PRODUCT = YES;
			};
			name = Release;
		};
		5BBDEBDC295957920057A628 /* Debug */ = {
			isa = XCBuildConfiguration;
			buildSettings = {
				ASSETCATALOG_COMPILER_APPICON_NAME = AppIcon;
				ASSETCATALOG_COMPILER_GLOBAL_ACCENT_COLOR_NAME = AccentColor;
				CODE_SIGN_STYLE = Automatic;
				CURRENT_PROJECT_VERSION = 1;
				DEVELOPMENT_TEAM = L8LG57GFZD;
				GENERATE_INFOPLIST_FILE = YES;
				INFOPLIST_FILE = RickAndMorty/Support/Info.plist;
				INFOPLIST_KEY_UIApplicationSupportsIndirectInputEvents = YES;
				INFOPLIST_KEY_UILaunchStoryboardName = LaunchScreen;
				INFOPLIST_KEY_UISupportedInterfaceOrientations_iPad = "UIInterfaceOrientationPortrait UIInterfaceOrientationPortraitUpsideDown UIInterfaceOrientationLandscapeLeft UIInterfaceOrientationLandscapeRight";
				INFOPLIST_KEY_UISupportedInterfaceOrientations_iPhone = "UIInterfaceOrientationPortrait UIInterfaceOrientationLandscapeLeft UIInterfaceOrientationLandscapeRight";
				LD_RUNPATH_SEARCH_PATHS = (
					"$(inherited)",
					"@executable_path/Frameworks",
				);
				MARKETING_VERSION = 1.0;
				PRODUCT_BUNDLE_IDENTIFIER = com.alekseykabishau.RickAndMorty;
				PRODUCT_NAME = "$(TARGET_NAME)";
				SWIFT_EMIT_LOC_STRINGS = YES;
				SWIFT_VERSION = 5.0;
				TARGETED_DEVICE_FAMILY = "1,2";
			};
			name = Debug;
		};
		5BBDEBDD295957920057A628 /* Release */ = {
			isa = XCBuildConfiguration;
			buildSettings = {
				ASSETCATALOG_COMPILER_APPICON_NAME = AppIcon;
				ASSETCATALOG_COMPILER_GLOBAL_ACCENT_COLOR_NAME = AccentColor;
				CODE_SIGN_STYLE = Automatic;
				CURRENT_PROJECT_VERSION = 1;
				DEVELOPMENT_TEAM = L8LG57GFZD;
				GENERATE_INFOPLIST_FILE = YES;
				INFOPLIST_FILE = RickAndMorty/Support/Info.plist;
				INFOPLIST_KEY_UIApplicationSupportsIndirectInputEvents = YES;
				INFOPLIST_KEY_UILaunchStoryboardName = LaunchScreen;
				INFOPLIST_KEY_UISupportedInterfaceOrientations_iPad = "UIInterfaceOrientationPortrait UIInterfaceOrientationPortraitUpsideDown UIInterfaceOrientationLandscapeLeft UIInterfaceOrientationLandscapeRight";
				INFOPLIST_KEY_UISupportedInterfaceOrientations_iPhone = "UIInterfaceOrientationPortrait UIInterfaceOrientationLandscapeLeft UIInterfaceOrientationLandscapeRight";
				LD_RUNPATH_SEARCH_PATHS = (
					"$(inherited)",
					"@executable_path/Frameworks",
				);
				MARKETING_VERSION = 1.0;
				PRODUCT_BUNDLE_IDENTIFIER = com.alekseykabishau.RickAndMorty;
				PRODUCT_NAME = "$(TARGET_NAME)";
				SWIFT_EMIT_LOC_STRINGS = YES;
				SWIFT_VERSION = 5.0;
				TARGETED_DEVICE_FAMILY = "1,2";
			};
			name = Release;
		};
/* End XCBuildConfiguration section */

/* Begin XCConfigurationList section */
		5BBDEBC2295957910057A628 /* Build configuration list for PBXProject "RickAndMorty" */ = {
			isa = XCConfigurationList;
			buildConfigurations = (
				5BBDEBD9295957920057A628 /* Debug */,
				5BBDEBDA295957920057A628 /* Release */,
			);
			defaultConfigurationIsVisible = 0;
			defaultConfigurationName = Release;
		};
		5BBDEBDB295957920057A628 /* Build configuration list for PBXNativeTarget "RickAndMorty" */ = {
			isa = XCConfigurationList;
			buildConfigurations = (
				5BBDEBDC295957920057A628 /* Debug */,
				5BBDEBDD295957920057A628 /* Release */,
			);
			defaultConfigurationIsVisible = 0;
			defaultConfigurationName = Release;
		};
/* End XCConfigurationList section */
	};
	rootObject = 5BBDEBBF295957910057A628 /* Project object */;
}
